
Microsoft Visual Studio Solution File, Format Version 12.00
# Visual Studio Version 17
VisualStudioVersion = 17.10.35122.118
MinimumVisualStudioVersion = 10.0.40219.1
Project("{FAE04EC0-301F-11D3-BF4B-00C04F79EFBC}") = "Veterinary_Clinic", "Veterinary_Clinic.csproj", "{06CCA68A-7E46-430B-9CD9-620E5A970462}"
EndProject
Global
	GlobalSection(SolutionConfigurationPlatforms) = preSolution
		Debug|Any CPU = Debug|Any CPU
		Release|Any CPU = Release|Any CPU
	EndGlobalSection
	GlobalSection(ProjectConfigurationPlatforms) = postSolution
		{06CCA68A-7E46-430B-9CD9-620E5A970462}.Debug|Any CPU.ActiveCfg = Debug|Any CPU
		{06CCA68A-7E46-430B-9CD9-620E5A970462}.Debug|Any CPU.Build.0 = Debug|Any CPU
		{06CCA68A-7E46-430B-9CD9-620E5A970462}.Release|Any CPU.ActiveCfg = Release|Any CPU
		{06CCA68A-7E46-430B-9CD9-620E5A970462}.Release|Any CPU.Build.0 = Release|Any CPU
	EndGlobalSection
	GlobalSection(SolutionProperties) = preSolution
		HideSolutionNode = FALSE
	EndGlobalSection
	GlobalSection(ExtensibilityGlobals) = postSolution
		SolutionGuid = {284C5FC4-E5D9-4923-93E0-5E5FF9A0EB05}
	EndGlobalSection
EndGlobal
